
Microsoft Visual Studio Solution File, Format Version 12.00
# Visual Studio Version 17
VisualStudioVersion = 17.5.33516.290
MinimumVisualStudioVersion = 10.0.40219.1
Project("{8BC9CEB8-8B4A-11D0-8D11-00A0C91BC942}") = "ProjetSerreEmail", "ProjetSerreEmail\ProjetSerreEmail.vcxproj", "{CAB4ED32-37D5-4E87-8F8E-CA7CF7C091C2}"
EndProject
Global
	GlobalSection(SolutionConfigurationPlatforms) = preSolution
		Debug|x64 = Debug|x64
		Release|x64 = Release|x64
	EndGlobalSection
	GlobalSection(ProjectConfigurationPlatforms) = postSolution
		{CAB4ED32-37D5-4E87-8F8E-CA7CF7C091C2}.Debug|x64.ActiveCfg = Debug|x64
		{CAB4ED32-37D5-4E87-8F8E-CA7CF7C091C2}.Debug|x64.Build.0 = Debug|x64
		{CAB4ED32-37D5-4E87-8F8E-CA7CF7C091C2}.Release|x64.ActiveCfg = Release|x64
		{CAB4ED32-37D5-4E87-8F8E-CA7CF7C091C2}.Release|x64.Build.0 = Release|x64
	EndGlobalSection
	GlobalSection(SolutionProperties) = preSolution
		HideSolutionNode = FALSE
	EndGlobalSection
	GlobalSection(ExtensibilityGlobals) = postSolution
		SolutionGuid = {23882A57-5726-4FDF-90D8-2316F37A6D4C}
	EndGlobalSection
EndGlobal
